{
  "originHash" : "7681e34ffc4b2bc2388e1fbe0dc45d6cbda0bf595d116a0d3c789c66f3f99ff0",
  "pins" : [
    {
      "identity" : "swift-cmark",
      "kind" : "remoteSourceControl",
      "location" : "https://github.com/swiftlang/swift-cmark.git",
      "state" : {
        "branch" : "gfm",
        "revision" : "924936d0427cb25a61169739a7660230bffa6ea6"
      }
    },
    {
      "identity" : "swift-markdown",
      "kind" : "remoteSourceControl",
      "location" : "https://github.com/swiftlang/swift-markdown.git",
      "state" : {
        "branch" : "main",
        "revision" : "b2135f426fca19029430fbf26564e953b2d0f3d3"
      }
    }
  ],
  "version" : 3
}
